{
  "requires": true,
  "lockfileVersion": 1,
  "dependencies": {
    "set-promise-interval": {
      "version": "1.0.8",
      "resolved": "https://registry.npmjs.org/set-promise-interval/-/set-promise-interval-1.0.8.tgz",
      "integrity": "sha512-5wo1ft1mOaYCUhxFfbWeqKj7brn95KWaqex/si+4b6N6E/aKpq0dsSm+lAwKBXAMqsAUgcWT7asZeXNq7+fULA=="
    },
    "wow-state-machine": {
      "version": "1.0.2",
      "resolved": "https://registry.npmjs.org/wow-state-machine/-/wow-state-machine-1.0.2.tgz",
      "integrity": "sha512-UvUdgjOYVC28SRsKNuhb9wTRS/uqXdi/a9BSHP38T5jCElG45R+/5vY+GihDG0FT8fyM78Fre/7hynO6xAHfIQ==",
      "requires": {
        "set-promise-interval": "^1.0.8"
      }
    }
  }
}
